<?xml version="1.0" encoding="UTF-8" standalone="yes" ?>
<CodeBlocks_project_file>
	<FileVersion major="1" minor="6" />
	<Project>
		<Option title="Monte Carlo" />
		<Option pch_mode="2" />
		<Option compiler="gcc" />
		<Build>
			<Target title="Debug">
				<Option output="bin/Debug/Monte Carlo" prefix_auto="1" extension_auto="1" />
				<Option object_output="obj/Debug/" />
				<Option type="1" />
				<Option compiler="gcc" />
				<Option projectCompilerOptionsRelation="2" />
				<Compiler>
					<Add option="-Weffc++" />
					<Add option="-std=c++11" />
					<Add option="-g" />
					<Add option="-pthread  -std=gnu++11 -fexceptions -Weffc++" />
				</Compiler>
				<Linker>
					<Add option="-Weffc++" />
				</Linker>
			</Target>
			<Target title="Release">
				<Option output="bin/Release/Monte Carlo" prefix_auto="1" extension_auto="1" />
				<Option object_output="obj/Release/" />
				<Option type="1" />
				<Option compiler="gcc" />
				<Compiler>
					<Add option="-O3" />
					<Add option="-O2" />
					<Add option="-O1" />
					<Add option="-O" />
					<Add option="-std=c++11" />
					<Add option="-pthread  -std=gnu++11 -fexceptions -Weffc++" />
				</Compiler>
				<Linker>
					<Add option="-s" />
					<Add option="-Weffc++" />
				</Linker>
			</Target>
		</Build>
		<Compiler>
			<Add option="-std=c++0x" />
			<Add option="-pthread  -std=gnu++11 -fexceptions -Weffc++" />
		</Compiler>
		<Linker>
			<Add option="-Weffc++" />
		</Linker>
		<Unit filename="Formulas.cpp" />
		<Unit filename="Formulas.h" />
		<Unit filename="Microsim.cpp" />
		<Unit filename="Microsim.h" />
		<Unit filename="ReadConfig.cpp" />
		<Unit filename="ReadConfig.h" />
		<Unit filename="Structs.cpp" />
		<Unit filename="Structs.h" />
		<Unit filename="WriteToCVS.h" />
		<Unit filename="main.cpp" />
		<Extensions>
			<code_completion />
			<debugger />
			<envvars />
		</Extensions>
	</Project>
</CodeBlocks_project_file>
